
Microsoft Visual Studio Solution File, Format Version 12.00
# Visual Studio Version 16
VisualStudioVersion = 16.0.31129.286
MinimumVisualStudioVersion = 10.0.40219.1
Project("{FAE04EC0-301F-11D3-BF4B-00C04F79EFBC}") = "CSIntermediatePolymorphism", "CSIntermediatePolymorphism\CSIntermediatePolymorphism.csproj", "{6228D20A-AA3A-4172-8E2A-360D773AC8BB}"
EndProject
Global
	GlobalSection(SolutionConfigurationPlatforms) = preSolution
		Debug|Any CPU = Debug|Any CPU
		Release|Any CPU = Release|Any CPU
	EndGlobalSection
	GlobalSection(ProjectConfigurationPlatforms) = postSolution
		{6228D20A-AA3A-4172-8E2A-360D773AC8BB}.Debug|Any CPU.ActiveCfg = Debug|Any CPU
		{6228D20A-AA3A-4172-8E2A-360D773AC8BB}.Debug|Any CPU.Build.0 = Debug|Any CPU
		{6228D20A-AA3A-4172-8E2A-360D773AC8BB}.Release|Any CPU.ActiveCfg = Release|Any CPU
		{6228D20A-AA3A-4172-8E2A-360D773AC8BB}.Release|Any CPU.Build.0 = Release|Any CPU
	EndGlobalSection
	GlobalSection(SolutionProperties) = preSolution
		HideSolutionNode = FALSE
	EndGlobalSection
	GlobalSection(ExtensibilityGlobals) = postSolution
		SolutionGuid = {6A280184-58F9-48E1-9082-CD6EE8A2FB86}
	EndGlobalSection
EndGlobal
